
Microsoft Visual Studio Solution File, Format Version 12.00
# Visual Studio Version 16
VisualStudioVersion = 16.0.31729.503
MinimumVisualStudioVersion = 10.0.40219.1
Project("{8BC9CEB8-8B4A-11D0-8D11-00A0C91BC942}") = "Lab№6.1", "Lab№6.1.vcxproj", "{D2668E9F-F341-4C58-A1C2-246375446145}"
EndProject
Project("{8BC9CEB8-8B4A-11D0-8D11-00A0C91BC942}") = "Project1", "№3\Project1\Project1.vcxproj", "{0107C0A6-D4A6-4B4D-AEE3-2AC7F6DB4726}"
EndProject
Global
	GlobalSection(SolutionConfigurationPlatforms) = preSolution
		Debug|x64 = Debug|x64
		Debug|x86 = Debug|x86
		Release|x64 = Release|x64
		Release|x86 = Release|x86
	EndGlobalSection
	GlobalSection(ProjectConfigurationPlatforms) = postSolution
		{D2668E9F-F341-4C58-A1C2-246375446145}.Debug|x64.ActiveCfg = Debug|x64
		{D2668E9F-F341-4C58-A1C2-246375446145}.Debug|x64.Build.0 = Debug|x64
		{D2668E9F-F341-4C58-A1C2-246375446145}.Debug|x86.ActiveCfg = Debug|Win32
		{D2668E9F-F341-4C58-A1C2-246375446145}.Debug|x86.Build.0 = Debug|Win32
		{D2668E9F-F341-4C58-A1C2-246375446145}.Release|x64.ActiveCfg = Release|x64
		{D2668E9F-F341-4C58-A1C2-246375446145}.Release|x64.Build.0 = Release|x64
		{D2668E9F-F341-4C58-A1C2-246375446145}.Release|x86.ActiveCfg = Release|Win32
		{D2668E9F-F341-4C58-A1C2-246375446145}.Release|x86.Build.0 = Release|Win32
		{0107C0A6-D4A6-4B4D-AEE3-2AC7F6DB4726}.Debug|x64.ActiveCfg = Debug|x64
		{0107C0A6-D4A6-4B4D-AEE3-2AC7F6DB4726}.Debug|x64.Build.0 = Debug|x64
		{0107C0A6-D4A6-4B4D-AEE3-2AC7F6DB4726}.Debug|x86.ActiveCfg = Debug|Win32
		{0107C0A6-D4A6-4B4D-AEE3-2AC7F6DB4726}.Debug|x86.Build.0 = Debug|Win32
		{0107C0A6-D4A6-4B4D-AEE3-2AC7F6DB4726}.Release|x64.ActiveCfg = Release|x64
		{0107C0A6-D4A6-4B4D-AEE3-2AC7F6DB4726}.Release|x64.Build.0 = Release|x64
		{0107C0A6-D4A6-4B4D-AEE3-2AC7F6DB4726}.Release|x86.ActiveCfg = Release|Win32
		{0107C0A6-D4A6-4B4D-AEE3-2AC7F6DB4726}.Release|x86.Build.0 = Release|Win32
	EndGlobalSection
	GlobalSection(SolutionProperties) = preSolution
		HideSolutionNode = FALSE
	EndGlobalSection
	GlobalSection(ExtensibilityGlobals) = postSolution
		SolutionGuid = {1FF0771A-32E0-4965-AD9B-0810F51C9C0C}
	EndGlobalSection
EndGlobal
