
Microsoft Visual Studio Solution File, Format Version 12.00
# Visual Studio Version 16
VisualStudioVersion = 16.0.31624.102
MinimumVisualStudioVersion = 10.0.40219.1
Project("{8BC9CEB8-8B4A-11D0-8D11-00A0C91BC942}") = "While", "While\While.vcxproj", "{86B4C9A4-FD7D-49BD-956D-CFDC20F4137D}"
EndProject
Global
	GlobalSection(SolutionConfigurationPlatforms) = preSolution
		Debug|x64 = Debug|x64
		Debug|x86 = Debug|x86
		Release|x64 = Release|x64
		Release|x86 = Release|x86
	EndGlobalSection
	GlobalSection(ProjectConfigurationPlatforms) = postSolution
		{86B4C9A4-FD7D-49BD-956D-CFDC20F4137D}.Debug|x64.ActiveCfg = Debug|x64
		{86B4C9A4-FD7D-49BD-956D-CFDC20F4137D}.Debug|x64.Build.0 = Debug|x64
		{86B4C9A4-FD7D-49BD-956D-CFDC20F4137D}.Debug|x86.ActiveCfg = Debug|Win32
		{86B4C9A4-FD7D-49BD-956D-CFDC20F4137D}.Debug|x86.Build.0 = Debug|Win32
		{86B4C9A4-FD7D-49BD-956D-CFDC20F4137D}.Release|x64.ActiveCfg = Release|x64
		{86B4C9A4-FD7D-49BD-956D-CFDC20F4137D}.Release|x64.Build.0 = Release|x64
		{86B4C9A4-FD7D-49BD-956D-CFDC20F4137D}.Release|x86.ActiveCfg = Release|Win32
		{86B4C9A4-FD7D-49BD-956D-CFDC20F4137D}.Release|x86.Build.0 = Release|Win32
	EndGlobalSection
	GlobalSection(SolutionProperties) = preSolution
		HideSolutionNode = FALSE
	EndGlobalSection
	GlobalSection(ExtensibilityGlobals) = postSolution
		SolutionGuid = {85D78F03-1C47-4F49-871F-7018EFF0D929}
	EndGlobalSection
EndGlobal
